
Microsoft Visual Studio Solution File, Format Version 12.00
# Visual Studio Version 17
VisualStudioVersion = 17.9.34728.123
MinimumVisualStudioVersion = 10.0.40219.1
Project("{FAE04EC0-301F-11D3-BF4B-00C04F79EFBC}") = "repositor2", "repositor2\repositor2.csproj", "{FAA2DF54-1DDC-4B48-8B16-37234B058765}"
EndProject
Global
	GlobalSection(SolutionConfigurationPlatforms) = preSolution
		Debug|Any CPU = Debug|Any CPU
		Release|Any CPU = Release|Any CPU
	EndGlobalSection
	GlobalSection(ProjectConfigurationPlatforms) = postSolution
		{FAA2DF54-1DDC-4B48-8B16-37234B058765}.Debug|Any CPU.ActiveCfg = Debug|Any CPU
		{FAA2DF54-1DDC-4B48-8B16-37234B058765}.Debug|Any CPU.Build.0 = Debug|Any CPU
		{FAA2DF54-1DDC-4B48-8B16-37234B058765}.Release|Any CPU.ActiveCfg = Release|Any CPU
		{FAA2DF54-1DDC-4B48-8B16-37234B058765}.Release|Any CPU.Build.0 = Release|Any CPU
	EndGlobalSection
	GlobalSection(SolutionProperties) = preSolution
		HideSolutionNode = FALSE
	EndGlobalSection
	GlobalSection(ExtensibilityGlobals) = postSolution
		SolutionGuid = {65ED5A3E-9659-4006-B385-0FEB6AB92565}
	EndGlobalSection
EndGlobal
